// !$*UTF8*$!
{
	archiveVersion = 1;
	classes = {
	};
	objectVersion = 48;
	objects = {

/* Begin PBXBuildFile section */
		800B9A8D4B89B2283822A74B /* Pods_MyWorkout.framework in Frameworks */ = {isa = PBXBuildFile; fileRef = DACB80807719AE7D048AB897 /* Pods_MyWorkout.framework */; };
		BF2C4DB51FB1CC9F004133C2 /* TrainHistoryViewController.xib in Resources */ = {isa = PBXBuildFile; fileRef = BF2C4DB31FB1CC9F004133C2 /* TrainHistoryViewController.xib */; };
		BF2C4DB71FB1F5B8004133C2 /* TrainHistoryViewController.swift in Sources */ = {isa = PBXBuildFile; fileRef = BF2C4DB61FB1F5B8004133C2 /* TrainHistoryViewController.swift */; };
		BF2C4DB91FB4201C004133C2 /* Bluetooth.swift in Sources */ = {isa = PBXBuildFile; fileRef = BF2C4DB81FB4201C004133C2 /* Bluetooth.swift */; };
		BF3211121FADD03A003F1B34 /* UserAccount.swift in Sources */ = {isa = PBXBuildFile; fileRef = BF3211111FADD03A003F1B34 /* UserAccount.swift */; };
		BF4892A51FADE49B0068D856 /* SignUpViewModel.swift in Sources */ = {isa = PBXBuildFile; fileRef = BF4892A41FADE49B0068D856 /* SignUpViewModel.swift */; };
		BF4892AA1FAF0F770068D856 /* TrainViewController.swift in Sources */ = {isa = PBXBuildFile; fileRef = BF4892A81FAF0F770068D856 /* TrainViewController.swift */; };
		BF4892AB1FAF0F770068D856 /* TrainViewController.xib in Resources */ = {isa = PBXBuildFile; fileRef = BF4892A91FAF0F770068D856 /* TrainViewController.xib */; };
		BF55CCEA1FAC628600F14E7C /* SignUpViewController.swift in Sources */ = {isa = PBXBuildFile; fileRef = BF55CCE91FAC628600F14E7C /* SignUpViewController.swift */; };
		BF55CCEC1FACB1B900F14E7C /* LoginViewModel.swift in Sources */ = {isa = PBXBuildFile; fileRef = BF55CCEB1FACB1B900F14E7C /* LoginViewModel.swift */; };
		BF6973F91FB05D47005C68A5 /* TrainingContainerViewController.swift in Sources */ = {isa = PBXBuildFile; fileRef = BF6973F71FB05D47005C68A5 /* TrainingContainerViewController.swift */; };
		BF6973FA1FB05D47005C68A5 /* TrainingContainerViewController.xib in Resources */ = {isa = PBXBuildFile; fileRef = BF6973F81FB05D47005C68A5 /* TrainingContainerViewController.xib */; };
		BF6B46B71FAC42FC00130FF8 /* Default-568h@2x.png in Resources */ = {isa = PBXBuildFile; fileRef = BF6B46B61FAC42FC00130FF8 /* Default-568h@2x.png */; };
		BF84960E1FAC313700487F45 /* AppDelegate.swift in Sources */ = {isa = PBXBuildFile; fileRef = BF84960D1FAC313700487F45 /* AppDelegate.swift */; };
		BF8496101FAC313700487F45 /* LoginViewController.swift in Sources */ = {isa = PBXBuildFile; fileRef = BF84960F1FAC313700487F45 /* LoginViewController.swift */; };
		BF8496131FAC313700487F45 /* Login.storyboard in Resources */ = {isa = PBXBuildFile; fileRef = BF8496111FAC313700487F45 /* Login.storyboard */; };
		BF8496151FAC313700487F45 /* Assets.xcassets in Resources */ = {isa = PBXBuildFile; fileRef = BF8496141FAC313700487F45 /* Assets.xcassets */; };
		BF8496181FAC313700487F45 /* LaunchScreen.storyboard in Resources */ = {isa = PBXBuildFile; fileRef = BF8496161FAC313700487F45 /* LaunchScreen.storyboard */; };
		BF8496231FAC313700487F45 /* MyWorkoutTests.swift in Sources */ = {isa = PBXBuildFile; fileRef = BF8496221FAC313700487F45 /* MyWorkoutTests.swift */; };
		BF84962E1FAC313700487F45 /* MyWorkoutUITests.swift in Sources */ = {isa = PBXBuildFile; fileRef = BF84962D1FAC313700487F45 /* MyWorkoutUITests.swift */; };
		BF84963C1FAC339C00487F45 /* GoogleService-Info.plist in Resources */ = {isa = PBXBuildFile; fileRef = BF84963B1FAC339C00487F45 /* GoogleService-Info.plist */; };
		BF84963D1FAC339C00487F45 /* GoogleService-Info.plist in Resources */ = {isa = PBXBuildFile; fileRef = BF84963B1FAC339C00487F45 /* GoogleService-Info.plist */; };
		BF84963E1FAC339C00487F45 /* GoogleService-Info.plist in Resources */ = {isa = PBXBuildFile; fileRef = BF84963B1FAC339C00487F45 /* GoogleService-Info.plist */; };
/* End PBXBuildFile section */

/* Begin PBXContainerItemProxy section */
		BF84961F1FAC313700487F45 /* PBXContainerItemProxy */ = {
			isa = PBXContainerItemProxy;
			containerPortal = BF8496021FAC313700487F45 /* Project object */;
			proxyType = 1;
			remoteGlobalIDString = BF8496091FAC313700487F45;
			remoteInfo = MyWorkout;
		};
		BF84962A1FAC313700487F45 /* PBXContainerItemProxy */ = {
			isa = PBXContainerItemProxy;
			containerPortal = BF8496021FAC313700487F45 /* Project object */;
			proxyType = 1;
			remoteGlobalIDString = BF8496091FAC313700487F45;
			remoteInfo = MyWorkout;
		};
/* End PBXContainerItemProxy section */

/* Begin PBXFileReference section */
		3EA63F05A4DE4FBCD5008364 /* Pods-MyWorkout.debug.xcconfig */ = {isa = PBXFileReference; includeInIndex = 1; lastKnownFileType = text.xcconfig; name = "Pods-MyWorkout.debug.xcconfig"; path = "Pods/Target Support Files/Pods-MyWorkout/Pods-MyWorkout.debug.xcconfig"; sourceTree = "<group>"; };
		7CCD3EDE7031E772D61E414A /* Pods-MyWorkout.release.xcconfig */ = {isa = PBXFileReference; includeInIndex = 1; lastKnownFileType = text.xcconfig; name = "Pods-MyWorkout.release.xcconfig"; path = "Pods/Target Support Files/Pods-MyWorkout/Pods-MyWorkout.release.xcconfig"; sourceTree = "<group>"; };
		BF2C4DB31FB1CC9F004133C2 /* TrainHistoryViewController.xib */ = {isa = PBXFileReference; lastKnownFileType = file.xib; path = TrainHistoryViewController.xib; sourceTree = "<group>"; };
		BF2C4DB61FB1F5B8004133C2 /* TrainHistoryViewController.swift */ = {isa = PBXFileReference; lastKnownFileType = sourcecode.swift; path = TrainHistoryViewController.swift; sourceTree = "<group>"; };
		BF2C4DB81FB4201C004133C2 /* Bluetooth.swift */ = {isa = PBXFileReference; lastKnownFileType = sourcecode.swift; path = Bluetooth.swift; sourceTree = "<group>"; };
		BF3211111FADD03A003F1B34 /* UserAccount.swift */ = {isa = PBXFileReference; lastKnownFileType = sourcecode.swift; path = UserAccount.swift; sourceTree = "<group>"; };
		BF4892A41FADE49B0068D856 /* SignUpViewModel.swift */ = {isa = PBXFileReference; lastKnownFileType = sourcecode.swift; path = SignUpViewModel.swift; sourceTree = "<group>"; };
		BF4892A81FAF0F770068D856 /* TrainViewController.swift */ = {isa = PBXFileReference; lastKnownFileType = sourcecode.swift; path = TrainViewController.swift; sourceTree = "<group>"; };
		BF4892A91FAF0F770068D856 /* TrainViewController.xib */ = {isa = PBXFileReference; lastKnownFileType = file.xib; path = TrainViewController.xib; sourceTree = "<group>"; };
		BF55CCE91FAC628600F14E7C /* SignUpViewController.swift */ = {isa = PBXFileReference; lastKnownFileType = sourcecode.swift; path = SignUpViewController.swift; sourceTree = "<group>"; };
		BF55CCEB1FACB1B900F14E7C /* LoginViewModel.swift */ = {isa = PBXFileReference; lastKnownFileType = sourcecode.swift; path = LoginViewModel.swift; sourceTree = "<group>"; };
		BF6973F71FB05D47005C68A5 /* TrainingContainerViewController.swift */ = {isa = PBXFileReference; lastKnownFileType = sourcecode.swift; path = TrainingContainerViewController.swift; sourceTree = "<group>"; };
		BF6973F81FB05D47005C68A5 /* TrainingContainerViewController.xib */ = {isa = PBXFileReference; lastKnownFileType = file.xib; path = TrainingContainerViewController.xib; sourceTree = "<group>"; };
		BF6B46B61FAC42FC00130FF8 /* Default-568h@2x.png */ = {isa = PBXFileReference; lastKnownFileType = image.png; path = "Default-568h@2x.png"; sourceTree = "<group>"; };
		BF84960A1FAC313700487F45 /* MyWorkout.app */ = {isa = PBXFileReference; explicitFileType = wrapper.application; includeInIndex = 0; path = MyWorkout.app; sourceTree = BUILT_PRODUCTS_DIR; };
		BF84960D1FAC313700487F45 /* AppDelegate.swift */ = {isa = PBXFileReference; lastKnownFileType = sourcecode.swift; path = AppDelegate.swift; sourceTree = "<group>"; };
		BF84960F1FAC313700487F45 /* LoginViewController.swift */ = {isa = PBXFileReference; lastKnownFileType = sourcecode.swift; path = LoginViewController.swift; sourceTree = "<group>"; };
		BF8496121FAC313700487F45 /* Base */ = {isa = PBXFileReference; lastKnownFileType = file.storyboard; name = Base; path = Base.lproj/Login.storyboard; sourceTree = "<group>"; };
		BF8496141FAC313700487F45 /* Assets.xcassets */ = {isa = PBXFileReference; lastKnownFileType = folder.assetcatalog; path = Assets.xcassets; sourceTree = "<group>"; };
		BF8496171FAC313700487F45 /* Base */ = {isa = PBXFileReference; lastKnownFileType = file.storyboard; name = Base; path = Base.lproj/LaunchScreen.storyboard; sourceTree = "<group>"; };
		BF8496191FAC313700487F45 /* Info.plist */ = {isa = PBXFileReference; lastKnownFileType = text.plist.xml; path = Info.plist; sourceTree = "<group>"; };
		BF84961E1FAC313700487F45 /* MyWorkoutTests.xctest */ = {isa = PBXFileReference; explicitFileType = wrapper.cfbundle; includeInIndex = 0; path = MyWorkoutTests.xctest; sourceTree = BUILT_PRODUCTS_DIR; };
		BF8496221FAC313700487F45 /* MyWorkoutTests.swift */ = {isa = PBXFileReference; lastKnownFileType = sourcecode.swift; path = MyWorkoutTests.swift; sourceTree = "<group>"; };
		BF8496241FAC313700487F45 /* Info.plist */ = {isa = PBXFileReference; lastKnownFileType = text.plist.xml; path = Info.plist; sourceTree = "<group>"; };
		BF8496291FAC313700487F45 /* MyWorkoutUITests.xctest */ = {isa = PBXFileReference; explicitFileType = wrapper.cfbundle; includeInIndex = 0; path = MyWorkoutUITests.xctest; sourceTree = BUILT_PRODUCTS_DIR; };
		BF84962D1FAC313700487F45 /* MyWorkoutUITests.swift */ = {isa = PBXFileReference; lastKnownFileType = sourcecode.swift; path = MyWorkoutUITests.swift; sourceTree = "<group>"; };
		BF84962F1FAC313700487F45 /* Info.plist */ = {isa = PBXFileReference; lastKnownFileType = text.plist.xml; path = Info.plist; sourceTree = "<group>"; };
		BF84963B1FAC339C00487F45 /* GoogleService-Info.plist */ = {isa = PBXFileReference; fileEncoding = 4; lastKnownFileType = text.plist.xml; path = "GoogleService-Info.plist"; sourceTree = "<group>"; };
		DACB80807719AE7D048AB897 /* Pods_MyWorkout.framework */ = {isa = PBXFileReference; explicitFileType = wrapper.framework; includeInIndex = 0; path = Pods_MyWorkout.framework; sourceTree = BUILT_PRODUCTS_DIR; };
/* End PBXFileReference section */

/* Begin PBXFrameworksBuildPhase section */
		BF8496071FAC313700487F45 /* Frameworks */ = {
			isa = PBXFrameworksBuildPhase;
			buildActionMask = 2147483647;
			files = (
				800B9A8D4B89B2283822A74B /* Pods_MyWorkout.framework in Frameworks */,
			);
			runOnlyForDeploymentPostprocessing = 0;
		};
		BF84961B1FAC313700487F45 /* Frameworks */ = {
			isa = PBXFrameworksBuildPhase;
			buildActionMask = 2147483647;
			files = (
			);
			runOnlyForDeploymentPostprocessing = 0;
		};
		BF8496261FAC313700487F45 /* Frameworks */ = {
			isa = PBXFrameworksBuildPhase;
			buildActionMask = 2147483647;
			files = (
			);
			runOnlyForDeploymentPostprocessing = 0;
		};
/* End PBXFrameworksBuildPhase section */

/* Begin PBXGroup section */
		6C240BD51986CD3050DF9B40 /* Frameworks */ = {
			isa = PBXGroup;
			children = (
				DACB80807719AE7D048AB897 /* Pods_MyWorkout.framework */,
			);
			name = Frameworks;
			sourceTree = "<group>";
		};
		927D099814373E704797A1E1 /* Pods */ = {
			isa = PBXGroup;
			children = (
				3EA63F05A4DE4FBCD5008364 /* Pods-MyWorkout.debug.xcconfig */,
				7CCD3EDE7031E772D61E414A /* Pods-MyWorkout.release.xcconfig */,
			);
			name = Pods;
			sourceTree = "<group>";
		};
		BF2C4DB11FB1C3F9004133C2 /* TrainViews */ = {
			isa = PBXGroup;
			children = (
				BF4892A81FAF0F770068D856 /* TrainViewController.swift */,
				BF4892A91FAF0F770068D856 /* TrainViewController.xib */,
				BF6973F71FB05D47005C68A5 /* TrainingContainerViewController.swift */,
				BF6973F81FB05D47005C68A5 /* TrainingContainerViewController.xib */,
				BF2C4DB31FB1CC9F004133C2 /* TrainHistoryViewController.xib */,
				BF2C4DB61FB1F5B8004133C2 /* TrainHistoryViewController.swift */,
			);
			path = TrainViews;
			sourceTree = "<group>";
		};
		BF4892A61FAED5180068D856 /* LoginProcess */ = {
			isa = PBXGroup;
			children = (
				BF84960F1FAC313700487F45 /* LoginViewController.swift */,
				BF55CCE91FAC628600F14E7C /* SignUpViewController.swift */,
			);
			path = LoginProcess;
			sourceTree = "<group>";
		};
		BF4892A71FAED5620068D856 /* LoginProcess */ = {
			isa = PBXGroup;
			children = (
				BF55CCEB1FACB1B900F14E7C /* LoginViewModel.swift */,
				BF4892A41FADE49B0068D856 /* SignUpViewModel.swift */,
			);
			path = LoginProcess;
			sourceTree = "<group>";
		};
		BF55CCE61FAC463500F14E7C /* Views */ = {
			isa = PBXGroup;
			children = (
				BF4892A61FAED5180068D856 /* LoginProcess */,
				BF2C4DB11FB1C3F9004133C2 /* TrainViews */,
			);
			path = Views;
			sourceTree = "<group>";
		};
		BF55CCE71FAC464800F14E7C /* ViewModels */ = {
			isa = PBXGroup;
			children = (
				BF4892A71FAED5620068D856 /* LoginProcess */,
			);
			path = ViewModels;
			sourceTree = "<group>";
		};
		BF55CCE81FAC466000F14E7C /* Models */ = {
			isa = PBXGroup;
			children = (
				BF3211111FADD03A003F1B34 /* UserAccount.swift */,
				BF2C4DB81FB4201C004133C2 /* Bluetooth.swift */,
			);
			path = Models;
			sourceTree = "<group>";
		};
		BF8496011FAC313700487F45 = {
			isa = PBXGroup;
			children = (
				BF6B46B61FAC42FC00130FF8 /* Default-568h@2x.png */,
				BF84960C1FAC313700487F45 /* MyWorkout */,
				BF8496211FAC313700487F45 /* MyWorkoutTests */,
				BF84962C1FAC313700487F45 /* MyWorkoutUITests */,
				BF84960B1FAC313700487F45 /* Products */,
				927D099814373E704797A1E1 /* Pods */,
				6C240BD51986CD3050DF9B40 /* Frameworks */,
			);
			sourceTree = "<group>";
		};
		BF84960B1FAC313700487F45 /* Products */ = {
			isa = PBXGroup;
			children = (
				BF84960A1FAC313700487F45 /* MyWorkout.app */,
				BF84961E1FAC313700487F45 /* MyWorkoutTests.xctest */,
				BF8496291FAC313700487F45 /* MyWorkoutUITests.xctest */,
			);
			name = Products;
			sourceTree = "<group>";
		};
		BF84960C1FAC313700487F45 /* MyWorkout */ = {
			isa = PBXGroup;
			children = (
				BF8496191FAC313700487F45 /* Info.plist */,
				BF84963B1FAC339C00487F45 /* GoogleService-Info.plist */,
				BF8496141FAC313700487F45 /* Assets.xcassets */,
				BF84960D1FAC313700487F45 /* AppDelegate.swift */,
				BF84963F1FAC39A500487F45 /* StoryBoards */,
				BF55CCE81FAC466000F14E7C /* Models */,
				BF55CCE71FAC464800F14E7C /* ViewModels */,
				BF55CCE61FAC463500F14E7C /* Views */,
			);
			path = MyWorkout;
			sourceTree = "<group>";
		};
		BF8496211FAC313700487F45 /* MyWorkoutTests */ = {
			isa = PBXGroup;
			children = (
				BF8496221FAC313700487F45 /* MyWorkoutTests.swift */,
				BF8496241FAC313700487F45 /* Info.plist */,
			);
			path = MyWorkoutTests;
			sourceTree = "<group>";
		};
		BF84962C1FAC313700487F45 /* MyWorkoutUITests */ = {
			isa = PBXGroup;
			children = (
				BF84962D1FAC313700487F45 /* MyWorkoutUITests.swift */,
				BF84962F1FAC313700487F45 /* Info.plist */,
			);
			path = MyWorkoutUITests;
			sourceTree = "<group>";
		};
		BF84963F1FAC39A500487F45 /* StoryBoards */ = {
			isa = PBXGroup;
			children = (
				BF8496161FAC313700487F45 /* LaunchScreen.storyboard */,
				BF8496111FAC313700487F45 /* Login.storyboard */,
			);
			path = StoryBoards;
			sourceTree = "<group>";
		};
/* End PBXGroup section */

/* Begin PBXNativeTarget section */
		BF8496091FAC313700487F45 /* MyWorkout */ = {
			isa = PBXNativeTarget;
			buildConfigurationList = BF8496321FAC313700487F45 /* Build configuration list for PBXNativeTarget "MyWorkout" */;
			buildPhases = (
				D357429A42344E07C20311CC /* [CP] Check Pods Manifest.lock */,
				BF8496061FAC313700487F45 /* Sources */,
				BF8496071FAC313700487F45 /* Frameworks */,
				BF8496081FAC313700487F45 /* Resources */,
				CC4485023DFFDA381DC67024 /* [CP] Embed Pods Frameworks */,
				1B5DFA6A85C12DBCFD58A708 /* [CP] Copy Pods Resources */,
			);
			buildRules = (
			);
			dependencies = (
			);
			name = MyWorkout;
			productName = MyWorkout;
			productReference = BF84960A1FAC313700487F45 /* MyWorkout.app */;
			productType = "com.apple.product-type.application";
		};
		BF84961D1FAC313700487F45 /* MyWorkoutTests */ = {
			isa = PBXNativeTarget;
			buildConfigurationList = BF8496351FAC313700487F45 /* Build configuration list for PBXNativeTarget "MyWorkoutTests" */;
			buildPhases = (
				BF84961A1FAC313700487F45 /* Sources */,
				BF84961B1FAC313700487F45 /* Frameworks */,
				BF84961C1FAC313700487F45 /* Resources */,
			);
			buildRules = (
			);
			dependencies = (
				BF8496201FAC313700487F45 /* PBXTargetDependency */,
			);
			name = MyWorkoutTests;
			productName = MyWorkoutTests;
			productReference = BF84961E1FAC313700487F45 /* MyWorkoutTests.xctest */;
			productType = "com.apple.product-type.bundle.unit-test";
		};
		BF8496281FAC313700487F45 /* MyWorkoutUITests */ = {
			isa = PBXNativeTarget;
			buildConfigurationList = BF8496381FAC313700487F45 /* Build configuration list for PBXNativeTarget "MyWorkoutUITests" */;
			buildPhases = (
				BF8496251FAC313700487F45 /* Sources */,
				BF8496261FAC313700487F45 /* Frameworks */,
				BF8496271FAC313700487F45 /* Resources */,
			);
			buildRules = (
			);
			dependencies = (
				BF84962B1FAC313700487F45 /* PBXTargetDependency */,
			);
			name = MyWorkoutUITests;
			productName = MyWorkoutUITests;
			productReference = BF8496291FAC313700487F45 /* MyWorkoutUITests.xctest */;
			productType = "com.apple.product-type.bundle.ui-testing";
		};
/* End PBXNativeTarget section */

/* Begin PBXProject section */
		BF8496021FAC313700487F45 /* Project object */ = {
			isa = PBXProject;
			attributes = {
				LastSwiftUpdateCheck = 0910;
				LastUpgradeCheck = 0910;
				ORGANIZATIONNAME = "Lu Ao";
				TargetAttributes = {
					BF8496091FAC313700487F45 = {
						CreatedOnToolsVersion = 9.1;
						ProvisioningStyle = Automatic;
					};
					BF84961D1FAC313700487F45 = {
						CreatedOnToolsVersion = 9.1;
						ProvisioningStyle = Automatic;
						TestTargetID = BF8496091FAC313700487F45;
					};
					BF8496281FAC313700487F45 = {
						CreatedOnToolsVersion = 9.1;
						ProvisioningStyle = Automatic;
						TestTargetID = BF8496091FAC313700487F45;
					};
				};
			};
			buildConfigurationList = BF8496051FAC313700487F45 /* Build configuration list for PBXProject "MyWorkout" */;
			compatibilityVersion = "Xcode 8.0";
			developmentRegion = en;
			hasScannedForEncodings = 0;
			knownRegions = (
				en,
				Base,
			);
			mainGroup = BF8496011FAC313700487F45;
			productRefGroup = BF84960B1FAC313700487F45 /* Products */;
			projectDirPath = "";
			projectRoot = "";
			targets = (
				BF8496091FAC313700487F45 /* MyWorkout */,
				BF84961D1FAC313700487F45 /* MyWorkoutTests */,
				BF8496281FAC313700487F45 /* MyWorkoutUITests */,
			);
		};
/* End PBXProject section */

/* Begin PBXResourcesBuildPhase section */
		BF8496081FAC313700487F45 /* Resources */ = {
			isa = PBXResourcesBuildPhase;
			buildActionMask = 2147483647;
			files = (
				BF2C4DB51FB1CC9F004133C2 /* TrainHistoryViewController.xib in Resources */,
				BF8496181FAC313700487F45 /* LaunchScreen.storyboard in Resources */,
				BF6973FA1FB05D47005C68A5 /* TrainingContainerViewController.xib in Resources */,
				BF84963C1FAC339C00487F45 /* GoogleService-Info.plist in Resources */,
				BF4892AB1FAF0F770068D856 /* TrainViewController.xib in Resources */,
				BF8496151FAC313700487F45 /* Assets.xcassets in Resources */,
				BF6B46B71FAC42FC00130FF8 /* Default-568h@2x.png in Resources */,
				BF8496131FAC313700487F45 /* Login.storyboard in Resources */,
			);
			runOnlyForDeploymentPostprocessing = 0;
		};
		BF84961C1FAC313700487F45 /* Resources */ = {
			isa = PBXResourcesBuildPhase;
			buildActionMask = 2147483647;
			files = (
				BF84963D1FAC339C00487F45 /* GoogleService-Info.plist in Resources */,
			);
			runOnlyForDeploymentPostprocessing = 0;
		};
		BF8496271FAC313700487F45 /* Resources */ = {
			isa = PBXResourcesBuildPhase;
			buildActionMask = 2147483647;
			files = (
				BF84963E1FAC339C00487F45 /* GoogleService-Info.plist in Resources */,
			);
			runOnlyForDeploymentPostprocessing = 0;
		};
/* End PBXResourcesBuildPhase section */

/* Begin PBXShellScriptBuildPhase section */
		1B5DFA6A85C12DBCFD58A708 /* [CP] Copy Pods Resources */ = {
			isa = PBXShellScriptBuildPhase;
			buildActionMask = 2147483647;
			files = (
			);
			inputPaths = (
			);
			name = "[CP] Copy Pods Resources";
			outputPaths = (
			);
			runOnlyForDeploymentPostprocessing = 0;
			shellPath = /bin/sh;
			shellScript = "\"${SRCROOT}/Pods/Target Support Files/Pods-MyWorkout/Pods-MyWorkout-resources.sh\"\n";
			showEnvVarsInLog = 0;
		};
		CC4485023DFFDA381DC67024 /* [CP] Embed Pods Frameworks */ = {
			isa = PBXShellScriptBuildPhase;
			buildActionMask = 2147483647;
			files = (
			);
			inputPaths = (
				"${SRCROOT}/Pods/Target Support Files/Pods-MyWorkout/Pods-MyWorkout-frameworks.sh",
				"${BUILT_PRODUCTS_DIR}/GTMSessionFetcher/GTMSessionFetcher.framework",
				"${BUILT_PRODUCTS_DIR}/GoogleToolboxForMac/GoogleToolboxForMac.framework",
				"${BUILT_PRODUCTS_DIR}/ReactiveCocoa/ReactiveCocoa.framework",
				"${BUILT_PRODUCTS_DIR}/ReactiveSwift/ReactiveSwift.framework",
				"${BUILT_PRODUCTS_DIR}/Result/Result.framework",
				"${BUILT_PRODUCTS_DIR}/SDWebImage/SDWebImage.framework",
				"${BUILT_PRODUCTS_DIR}/leveldb-library/leveldb.framework",
				"${BUILT_PRODUCTS_DIR}/nanopb/nanopb.framework",
			);
			name = "[CP] Embed Pods Frameworks";
			outputPaths = (
				"${TARGET_BUILD_DIR}/${FRAMEWORKS_FOLDER_PATH}/GTMSessionFetcher.framework",
				"${TARGET_BUILD_DIR}/${FRAMEWORKS_FOLDER_PATH}/GoogleToolboxForMac.framework",
				"${TARGET_BUILD_DIR}/${FRAMEWORKS_FOLDER_PATH}/ReactiveCocoa.framework",
				"${TARGET_BUILD_DIR}/${FRAMEWORKS_FOLDER_PATH}/ReactiveSwift.framework",
				"${TARGET_BUILD_DIR}/${FRAMEWORKS_FOLDER_PATH}/Result.framework",
				"${TARGET_BUILD_DIR}/${FRAMEWORKS_FOLDER_PATH}/SDWebImage.framework",
				"${TARGET_BUILD_DIR}/${FRAMEWORKS_FOLDER_PATH}/leveldb.framework",
				"${TARGET_BUILD_DIR}/${FRAMEWORKS_FOLDER_PATH}/nanopb.framework",
			);
			runOnlyForDeploymentPostprocessing = 0;
			shellPath = /bin/sh;
			shellScript = "\"${SRCROOT}/Pods/Target Support Files/Pods-MyWorkout/Pods-MyWorkout-frameworks.sh\"\n";
			showEnvVarsInLog = 0;
		};
		D357429A42344E07C20311CC /* [CP] Check Pods Manifest.lock */ = {
			isa = PBXShellScriptBuildPhase;
			buildActionMask = 2147483647;
			files = (
			);
			inputPaths = (
				"${PODS_PODFILE_DIR_PATH}/Podfile.lock",
				"${PODS_ROOT}/Manifest.lock",
			);
			name = "[CP] Check Pods Manifest.lock";
			outputPaths = (
				"$(DERIVED_FILE_DIR)/Pods-MyWorkout-checkManifestLockResult.txt",
			);
			runOnlyForDeploymentPostprocessing = 0;
			shellPath = /bin/sh;
			shellScript = "diff \"${PODS_PODFILE_DIR_PATH}/Podfile.lock\" \"${PODS_ROOT}/Manifest.lock\" > /dev/null\nif [ $? != 0 ] ; then\n    # print error to STDERR\n    echo \"error: The sandbox is not in sync with the Podfile.lock. Run 'pod install' or update your CocoaPods installation.\" >&2\n    exit 1\nfi\n# This output is used by Xcode 'outputs' to avoid re-running this script phase.\necho \"SUCCESS\" > \"${SCRIPT_OUTPUT_FILE_0}\"\n";
			showEnvVarsInLog = 0;
		};
/* End PBXShellScriptBuildPhase section */

/* Begin PBXSourcesBuildPhase section */
		BF8496061FAC313700487F45 /* Sources */ = {
			isa = PBXSourcesBuildPhase;
			buildActionMask = 2147483647;
			files = (
				BF55CCEC1FACB1B900F14E7C /* LoginViewModel.swift in Sources */,
				BF55CCEA1FAC628600F14E7C /* SignUpViewController.swift in Sources */,
				BF6973F91FB05D47005C68A5 /* TrainingContainerViewController.swift in Sources */,
				BF8496101FAC313700487F45 /* LoginViewController.swift in Sources */,
				BF4892AA1FAF0F770068D856 /* TrainViewController.swift in Sources */,
				BF84960E1FAC313700487F45 /* AppDelegate.swift in Sources */,
				BF2C4DB91FB4201C004133C2 /* Bluetooth.swift in Sources */,
				BF2C4DB71FB1F5B8004133C2 /* TrainHistoryViewController.swift in Sources */,
				BF4892A51FADE49B0068D856 /* SignUpViewModel.swift in Sources */,
				BF3211121FADD03A003F1B34 /* UserAccount.swift in Sources */,
			);
			runOnlyForDeploymentPostprocessing = 0;
		};
		BF84961A1FAC313700487F45 /* Sources */ = {
			isa = PBXSourcesBuildPhase;
			buildActionMask = 2147483647;
			files = (
				BF8496231FAC313700487F45 /* MyWorkoutTests.swift in Sources */,
			);
			runOnlyForDeploymentPostprocessing = 0;
		};
		BF8496251FAC313700487F45 /* Sources */ = {
			isa = PBXSourcesBuildPhase;
			buildActionMask = 2147483647;
			files = (
				BF84962E1FAC313700487F45 /* MyWorkoutUITests.swift in Sources */,
			);
			runOnlyForDeploymentPostprocessing = 0;
		};
/* End PBXSourcesBuildPhase section */

/* Begin PBXTargetDependency section */
		BF8496201FAC313700487F45 /* PBXTargetDependency */ = {
			isa = PBXTargetDependency;
			target = BF8496091FAC313700487F45 /* MyWorkout */;
			targetProxy = BF84961F1FAC313700487F45 /* PBXContainerItemProxy */;
		};
		BF84962B1FAC313700487F45 /* PBXTargetDependency */ = {
			isa = PBXTargetDependency;
			target = BF8496091FAC313700487F45 /* MyWorkout */;
			targetProxy = BF84962A1FAC313700487F45 /* PBXContainerItemProxy */;
		};
/* End PBXTargetDependency section */

/* Begin PBXVariantGroup section */
		BF8496111FAC313700487F45 /* Login.storyboard */ = {
			isa = PBXVariantGroup;
			children = (
				BF8496121FAC313700487F45 /* Base */,
			);
			name = Login.storyboard;
			sourceTree = "<group>";
		};
		BF8496161FAC313700487F45 /* LaunchScreen.storyboard */ = {
			isa = PBXVariantGroup;
			children = (
				BF8496171FAC313700487F45 /* Base */,
			);
			name = LaunchScreen.storyboard;
			sourceTree = "<group>";
		};
/* End PBXVariantGroup section */

/* Begin XCBuildConfiguration section */
		BF8496301FAC313700487F45 /* Debug */ = {
			isa = XCBuildConfiguration;
			buildSettings = {
				ALWAYS_SEARCH_USER_PATHS = NO;
				CLANG_ANALYZER_NONNULL = YES;
				CLANG_ANALYZER_NUMBER_OBJECT_CONVERSION = YES_AGGRESSIVE;
				CLANG_CXX_LANGUAGE_STANDARD = "gnu++14";
				CLANG_CXX_LIBRARY = "libc++";
				CLANG_ENABLE_MODULES = YES;
				CLANG_ENABLE_OBJC_ARC = YES;
				CLANG_WARN_BLOCK_CAPTURE_AUTORELEASING = YES;
				CLANG_WARN_BOOL_CONVERSION = YES;
				CLANG_WARN_COMMA = YES;
				CLANG_WARN_CONSTANT_CONVERSION = YES;
				CLANG_WARN_DIRECT_OBJC_ISA_USAGE = YES_ERROR;
				CLANG_WARN_DOCUMENTATION_COMMENTS = YES;
				CLANG_WARN_EMPTY_BODY = YES;
				CLANG_WARN_ENUM_CONVERSION = YES;
				CLANG_WARN_INFINITE_RECURSION = YES;
				CLANG_WARN_INT_CONVERSION = YES;
				CLANG_WARN_NON_LITERAL_NULL_CONVERSION = YES;
				CLANG_WARN_OBJC_LITERAL_CONVERSION = YES;
				CLANG_WARN_OBJC_ROOT_CLASS = YES_ERROR;
				CLANG_WARN_RANGE_LOOP_ANALYSIS = YES;
				CLANG_WARN_STRICT_PROTOTYPES = YES;
				CLANG_WARN_SUSPICIOUS_MOVE = YES;
				CLANG_WARN_UNGUARDED_AVAILABILITY = YES_AGGRESSIVE;
				CLANG_WARN_UNREACHABLE_CODE = YES;
				CLANG_WARN__DUPLICATE_METHOD_MATCH = YES;
				CODE_SIGN_IDENTITY = "iPhone Developer";
				COPY_PHASE_STRIP = NO;
				DEBUG_INFORMATION_FORMAT = dwarf;
				ENABLE_STRICT_OBJC_MSGSEND = YES;
				ENABLE_TESTABILITY = YES;
				GCC_C_LANGUAGE_STANDARD = gnu11;
				GCC_DYNAMIC_NO_PIC = NO;
				GCC_NO_COMMON_BLOCKS = YES;
				GCC_OPTIMIZATION_LEVEL = 0;
				GCC_PREPROCESSOR_DEFINITIONS = (
					"DEBUG=1",
					"$(inherited)",
				);
				GCC_WARN_64_TO_32_BIT_CONVERSION = YES;
				GCC_WARN_ABOUT_RETURN_TYPE = YES_ERROR;
				GCC_WARN_UNDECLARED_SELECTOR = YES;
				GCC_WARN_UNINITIALIZED_AUTOS = YES_AGGRESSIVE;
				GCC_WARN_UNUSED_FUNCTION = YES;
				GCC_WARN_UNUSED_VARIABLE = YES;
				IPHONEOS_DEPLOYMENT_TARGET = 11.1;
				MTL_ENABLE_DEBUG_INFO = YES;
				ONLY_ACTIVE_ARCH = YES;
				SDKROOT = iphoneos;
				SWIFT_ACTIVE_COMPILATION_CONDITIONS = DEBUG;
				SWIFT_OPTIMIZATION_LEVEL = "-Onone";
			};
			name = Debug;
		};
		BF8496311FAC313700487F45 /* Release */ = {
			isa = XCBuildConfiguration;
			buildSettings = {
				ALWAYS_SEARCH_USER_PATHS = NO;
				CLANG_ANALYZER_NONNULL = YES;
				CLANG_ANALYZER_NUMBER_OBJECT_CONVERSION = YES_AGGRESSIVE;
				CLANG_CXX_LANGUAGE_STANDARD = "gnu++14";
				CLANG_CXX_LIBRARY = "libc++";
				CLANG_ENABLE_MODULES = YES;
				CLANG_ENABLE_OBJC_ARC = YES;
				CLANG_WARN_BLOCK_CAPTURE_AUTORELEASING = YES;
				CLANG_WARN_BOOL_CONVERSION = YES;
				CLANG_WARN_COMMA = YES;
				CLANG_WARN_CONSTANT_CONVERSION = YES;
				CLANG_WARN_DIRECT_OBJC_ISA_USAGE = YES_ERROR;
				CLANG_WARN_DOCUMENTATION_COMMENTS = YES;
				CLANG_WARN_EMPTY_BODY = YES;
				CLANG_WARN_ENUM_CONVERSION = YES;
				CLANG_WARN_INFINITE_RECURSION = YES;
				CLANG_WARN_INT_CONVERSION = YES;
				CLANG_WARN_NON_LITERAL_NULL_CONVERSION = YES;
				CLANG_WARN_OBJC_LITERAL_CONVERSION = YES;
				CLANG_WARN_OBJC_ROOT_CLASS = YES_ERROR;
				CLANG_WARN_RANGE_LOOP_ANALYSIS = YES;
				CLANG_WARN_STRICT_PROTOTYPES = YES;
				CLANG_WARN_SUSPICIOUS_MOVE = YES;
				CLANG_WARN_UNGUARDED_AVAILABILITY = YES_AGGRESSIVE;
				CLANG_WARN_UNREACHABLE_CODE = YES;
				CLANG_WARN__DUPLICATE_METHOD_MATCH = YES;
				CODE_SIGN_IDENTITY = "iPhone Developer";
				COPY_PHASE_STRIP = NO;
				DEBUG_INFORMATION_FORMAT = "dwarf-with-dsym";
				ENABLE_NS_ASSERTIONS = NO;
				ENABLE_STRICT_OBJC_MSGSEND = YES;
				GCC_C_LANGUAGE_STANDARD = gnu11;
				GCC_NO_COMMON_BLOCKS = YES;
				GCC_WARN_64_TO_32_BIT_CONVERSION = YES;
				GCC_WARN_ABOUT_RETURN_TYPE = YES_ERROR;
				GCC_WARN_UNDECLARED_SELECTOR = YES;
				GCC_WARN_UNINITIALIZED_AUTOS = YES_AGGRESSIVE;
				GCC_WARN_UNUSED_FUNCTION = YES;
				GCC_WARN_UNUSED_VARIABLE = YES;
				IPHONEOS_DEPLOYMENT_TARGET = 11.1;
				MTL_ENABLE_DEBUG_INFO = NO;
				SDKROOT = iphoneos;
				SWIFT_OPTIMIZATION_LEVEL = "-Owholemodule";
				VALIDATE_PRODUCT = YES;
			};
			name = Release;
		};
		BF8496331FAC313700487F45 /* Debug */ = {
			isa = XCBuildConfiguration;
			baseConfigurationReference = 3EA63F05A4DE4FBCD5008364 /* Pods-MyWorkout.debug.xcconfig */;
			buildSettings = {
				ASSETCATALOG_COMPILER_APPICON_NAME = AppIcon;
				CODE_SIGN_STYLE = Automatic;
				DEVELOPMENT_TEAM = JC68KFVHSJ;
				INFOPLIST_FILE = MyWorkout/Info.plist;
				LD_RUNPATH_SEARCH_PATHS = "$(inherited) @executable_path/Frameworks";
				PRODUCT_BUNDLE_IDENTIFIER = com.op.MyWorkout;
				PRODUCT_NAME = "$(TARGET_NAME)";
				SWIFT_VERSION = 4.0;
				TARGETED_DEVICE_FAMILY = "1,2";
			};
			name = Debug;
		};
		BF8496341FAC313700487F45 /* Release */ = {
			isa = XCBuildConfiguration;
			baseConfigurationReference = 7CCD3EDE7031E772D61E414A /* Pods-MyWorkout.release.xcconfig */;
			buildSettings = {
				ASSETCATALOG_COMPILER_APPICON_NAME = AppIcon;
				CODE_SIGN_STYLE = Automatic;
				DEVELOPMENT_TEAM = JC68KFVHSJ;
				INFOPLIST_FILE = MyWorkout/Info.plist;
				LD_RUNPATH_SEARCH_PATHS = "$(inherited) @executable_path/Frameworks";
				PRODUCT_BUNDLE_IDENTIFIER = com.op.MyWorkout;
				PRODUCT_NAME = "$(TARGET_NAME)";
				SWIFT_VERSION = 4.0;
				TARGETED_DEVICE_FAMILY = "1,2";
			};
			name = Release;
		};
		BF8496361FAC313700487F45 /* Debug */ = {
			isa = XCBuildConfiguration;
			buildSettings = {
				ALWAYS_EMBED_SWIFT_STANDARD_LIBRARIES = YES;
				BUNDLE_LOADER = "$(TEST_HOST)";
				CODE_SIGN_STYLE = Automatic;
				DEVELOPMENT_TEAM = JC68KFVHSJ;
				INFOPLIST_FILE = MyWorkoutTests/Info.plist;
				LD_RUNPATH_SEARCH_PATHS = "$(inherited) @executable_path/Frameworks @loader_path/Frameworks";
				PRODUCT_BUNDLE_IDENTIFIER = com.op.MyWorkoutTests;
				PRODUCT_NAME = "$(TARGET_NAME)";
				SWIFT_VERSION = 4.0;
				TARGETED_DEVICE_FAMILY = "1,2";
				TEST_HOST = "$(BUILT_PRODUCTS_DIR)/MyWorkout.app/MyWorkout";
			};
			name = Debug;
		};
		BF8496371FAC313700487F45 /* Release */ = {
			isa = XCBuildConfiguration;
			buildSettings = {
				ALWAYS_EMBED_SWIFT_STANDARD_LIBRARIES = YES;
				BUNDLE_LOADER = "$(TEST_HOST)";
				CODE_SIGN_STYLE = Automatic;
				DEVELOPMENT_TEAM = JC68KFVHSJ;
				INFOPLIST_FILE = MyWorkoutTests/Info.plist;
				LD_RUNPATH_SEARCH_PATHS = "$(inherited) @executable_path/Frameworks @loader_path/Frameworks";
				PRODUCT_BUNDLE_IDENTIFIER = com.op.MyWorkoutTests;
				PRODUCT_NAME = "$(TARGET_NAME)";
				SWIFT_VERSION = 4.0;
				TARGETED_DEVICE_FAMILY = "1,2";
				TEST_HOST = "$(BUILT_PRODUCTS_DIR)/MyWorkout.app/MyWorkout";
			};
			name = Release;
		};
		BF8496391FAC313700487F45 /* Debug */ = {
			isa = XCBuildConfiguration;
			buildSettings = {
				ALWAYS_EMBED_SWIFT_STANDARD_LIBRARIES = YES;
				CODE_SIGN_STYLE = Automatic;
				DEVELOPMENT_TEAM = JC68KFVHSJ;
				INFOPLIST_FILE = MyWorkoutUITests/Info.plist;
				LD_RUNPATH_SEARCH_PATHS = "$(inherited) @executable_path/Frameworks @loader_path/Frameworks";
				PRODUCT_BUNDLE_IDENTIFIER = com.op.MyWorkoutUITests;
				PRODUCT_NAME = "$(TARGET_NAME)";
				SWIFT_VERSION = 4.0;
				TARGETED_DEVICE_FAMILY = "1,2";
				TEST_TARGET_NAME = MyWorkout;
			};
			name = Debug;
		};
		BF84963A1FAC313700487F45 /* Release */ = {
			isa = XCBuildConfiguration;
			buildSettings = {
				ALWAYS_EMBED_SWIFT_STANDARD_LIBRARIES = YES;
				CODE_SIGN_STYLE = Automatic;
				DEVELOPMENT_TEAM = JC68KFVHSJ;
				INFOPLIST_FILE = MyWorkoutUITests/Info.plist;
				LD_RUNPATH_SEARCH_PATHS = "$(inherited) @executable_path/Frameworks @loader_path/Frameworks";
				PRODUCT_BUNDLE_IDENTIFIER = com.op.MyWorkoutUITests;
				PRODUCT_NAME = "$(TARGET_NAME)";
				SWIFT_VERSION = 4.0;
				TARGETED_DEVICE_FAMILY = "1,2";
				TEST_TARGET_NAME = MyWorkout;
			};
			name = Release;
		};
/* End XCBuildConfiguration section */

/* Begin XCConfigurationList section */
		BF8496051FAC313700487F45 /* Build configuration list for PBXProject "MyWorkout" */ = {
			isa = XCConfigurationList;
			buildConfigurations = (
				BF8496301FAC313700487F45 /* Debug */,
				BF8496311FAC313700487F45 /* Release */,
			);
			defaultConfigurationIsVisible = 0;
			defaultConfigurationName = Release;
		};
		BF8496321FAC313700487F45 /* Build configuration list for PBXNativeTarget "MyWorkout" */ = {
			isa = XCConfigurationList;
			buildConfigurations = (
				BF8496331FAC313700487F45 /* Debug */,
				BF8496341FAC313700487F45 /* Release */,
			);
			defaultConfigurationIsVisible = 0;
			defaultConfigurationName = Release;
		};
		BF8496351FAC313700487F45 /* Build configuration list for PBXNativeTarget "MyWorkoutTests" */ = {
			isa = XCConfigurationList;
			buildConfigurations = (
				BF8496361FAC313700487F45 /* Debug */,
				BF8496371FAC313700487F45 /* Release */,
			);
			defaultConfigurationIsVisible = 0;
			defaultConfigurationName = Release;
		};
		BF8496381FAC313700487F45 /* Build configuration list for PBXNativeTarget "MyWorkoutUITests" */ = {
			isa = XCConfigurationList;
			buildConfigurations = (
				BF8496391FAC313700487F45 /* Debug */,
				BF84963A1FAC313700487F45 /* Release */,
			);
			defaultConfigurationIsVisible = 0;
			defaultConfigurationName = Release;
		};
/* End XCConfigurationList section */
	};
	rootObject = BF8496021FAC313700487F45 /* Project object */;
}
